
Microsoft Visual Studio Solution File, Format Version 12.00
# Visual Studio Version 16
VisualStudioVersion = 16.0.30104.148
MinimumVisualStudioVersion = 10.0.40219.1
Project("{9A19103F-16F7-4668-BE54-9A1E7A4F7556}") = "DatingApp.API", "DatingApp.API\DatingApp.API.csproj", "{F567B801-A4D9-4691-9B88-D94D11B2E30C}"
EndProject
Global
	GlobalSection(SolutionConfigurationPlatforms) = preSolution
		Debug|Any CPU = Debug|Any CPU
		Release|Any CPU = Release|Any CPU
	EndGlobalSection
	GlobalSection(ProjectConfigurationPlatforms) = postSolution
		{F567B801-A4D9-4691-9B88-D94D11B2E30C}.Debug|Any CPU.ActiveCfg = Debug|Any CPU
		{F567B801-A4D9-4691-9B88-D94D11B2E30C}.Debug|Any CPU.Build.0 = Debug|Any CPU
		{F567B801-A4D9-4691-9B88-D94D11B2E30C}.Release|Any CPU.ActiveCfg = Release|Any CPU
		{F567B801-A4D9-4691-9B88-D94D11B2E30C}.Release|Any CPU.Build.0 = Release|Any CPU
	EndGlobalSection
	GlobalSection(SolutionProperties) = preSolution
		HideSolutionNode = FALSE
	EndGlobalSection
	GlobalSection(ExtensibilityGlobals) = postSolution
		SolutionGuid = {2D9CAF04-5A50-4D8D-8122-2493F11E2AB4}
	EndGlobalSection
EndGlobal
